
Microsoft Visual Studio Solution File, Format Version 12.00
# Visual Studio Version 17
VisualStudioVersion = 17.3.32825.248
MinimumVisualStudioVersion = 10.0.40219.1
Project("{FAE04EC0-301F-11D3-BF4B-00C04F79EFBC}") = "BaseMundial", "BaseMundial\BaseMundial.csproj", "{2F927873-DA56-47EB-B70B-BCAE0C0BE08D}"
EndProject
Global
	GlobalSection(SolutionConfigurationPlatforms) = preSolution
		Debug|Any CPU = Debug|Any CPU
		Release|Any CPU = Release|Any CPU
	EndGlobalSection
	GlobalSection(ProjectConfigurationPlatforms) = postSolution
		{2F927873-DA56-47EB-B70B-BCAE0C0BE08D}.Debug|Any CPU.ActiveCfg = Debug|Any CPU
		{2F927873-DA56-47EB-B70B-BCAE0C0BE08D}.Debug|Any CPU.Build.0 = Debug|Any CPU
		{2F927873-DA56-47EB-B70B-BCAE0C0BE08D}.Release|Any CPU.ActiveCfg = Release|Any CPU
		{2F927873-DA56-47EB-B70B-BCAE0C0BE08D}.Release|Any CPU.Build.0 = Release|Any CPU
	EndGlobalSection
	GlobalSection(SolutionProperties) = preSolution
		HideSolutionNode = FALSE
	EndGlobalSection
	GlobalSection(ExtensibilityGlobals) = postSolution
		SolutionGuid = {15F785FC-9B98-4CC5-94C2-77EEC14B63FC}
	EndGlobalSection
EndGlobal
